
Microsoft Visual Studio Solution File, Format Version 12.00
# Visual Studio Version 17
VisualStudioVersion = 17.0.31903.59
MinimumVisualStudioVersion = 10.0.40219.1
Project("{FAE04EC0-301F-11D3-BF4B-00C04F79EFBC}") = "Scrapper.CLI", "Scrapper.CLI\Scrapper.CLI.csproj", "{7D89C8F0-5DC6-491A-8ED2-7A8B8D0B564B}"
EndProject
Global
	GlobalSection(SolutionConfigurationPlatforms) = preSolution
		Debug|Any CPU = Debug|Any CPU
		Release|Any CPU = Release|Any CPU
	EndGlobalSection
	GlobalSection(SolutionProperties) = preSolution
		HideSolutionNode = FALSE
	EndGlobalSection
	GlobalSection(ProjectConfigurationPlatforms) = postSolution
		{7D89C8F0-5DC6-491A-8ED2-7A8B8D0B564B}.Debug|Any CPU.ActiveCfg = Debug|Any CPU
		{7D89C8F0-5DC6-491A-8ED2-7A8B8D0B564B}.Debug|Any CPU.Build.0 = Debug|Any CPU
		{7D89C8F0-5DC6-491A-8ED2-7A8B8D0B564B}.Release|Any CPU.ActiveCfg = Release|Any CPU
		{7D89C8F0-5DC6-491A-8ED2-7A8B8D0B564B}.Release|Any CPU.Build.0 = Release|Any CPU
	EndGlobalSection
EndGlobal
